// !$*UTF8*$!
{
	archiveVersion = 1;
	classes = {
	};
	objectVersion = 55;
	objects = {

/* Begin PBXBuildFile section */
		1F75519C29A9AB9E00FBA45A /* AppDelegate.swift in Sources */ = {isa = PBXBuildFile; fileRef = 1F75519B29A9AB9E00FBA45A /* AppDelegate.swift */; };
		1F75519E29A9AB9E00FBA45A /* SceneDelegate.swift in Sources */ = {isa = PBXBuildFile; fileRef = 1F75519D29A9AB9E00FBA45A /* SceneDelegate.swift */; };
		1F7551A029A9AB9E00FBA45A /* ViewController.swift in Sources */ = {isa = PBXBuildFile; fileRef = 1F75519F29A9AB9E00FBA45A /* ViewController.swift */; };
		1F7551A329A9AB9E00FBA45A /* Main.storyboard in Resources */ = {isa = PBXBuildFile; fileRef = 1F7551A129A9AB9E00FBA45A /* Main.storyboard */; };
		1F7551A629A9AB9E00FBA45A /* test_1.xcdatamodeld in Sources */ = {isa = PBXBuildFile; fileRef = 1F7551A429A9AB9E00FBA45A /* test_1.xcdatamodeld */; };
		1F7551A829A9ABA200FBA45A /* Assets.xcassets in Resources */ = {isa = PBXBuildFile; fileRef = 1F7551A729A9ABA200FBA45A /* Assets.xcassets */; };
		1F7551AB29A9ABA200FBA45A /* LaunchScreen.storyboard in Resources */ = {isa = PBXBuildFile; fileRef = 1F7551A929A9ABA200FBA45A /* LaunchScreen.storyboard */; };
		1F7551B629A9ABA200FBA45A /* test_1Tests.swift in Sources */ = {isa = PBXBuildFile; fileRef = 1F7551B529A9ABA200FBA45A /* test_1Tests.swift */; };
		1F7551C029A9ABA200FBA45A /* test_1UITests.swift in Sources */ = {isa = PBXBuildFile; fileRef = 1F7551BF29A9ABA200FBA45A /* test_1UITests.swift */; };
		1F7551C229A9ABA200FBA45A /* test_1UITestsLaunchTests.swift in Sources */ = {isa = PBXBuildFile; fileRef = 1F7551C129A9ABA200FBA45A /* test_1UITestsLaunchTests.swift */; };
/* End PBXBuildFile section */

/* Begin PBXContainerItemProxy section */
		1F7551B229A9ABA200FBA45A /* PBXContainerItemProxy */ = {
			isa = PBXContainerItemProxy;
			containerPortal = 1F75519029A9AB9E00FBA45A /* Project object */;
			proxyType = 1;
			remoteGlobalIDString = 1F75519729A9AB9E00FBA45A;
			remoteInfo = "test-1";
		};
		1F7551BC29A9ABA200FBA45A /* PBXContainerItemProxy */ = {
			isa = PBXContainerItemProxy;
			containerPortal = 1F75519029A9AB9E00FBA45A /* Project object */;
			proxyType = 1;
			remoteGlobalIDString = 1F75519729A9AB9E00FBA45A;
			remoteInfo = "test-1";
		};
/* End PBXContainerItemProxy section */

/* Begin PBXFileReference section */
		1F75519829A9AB9E00FBA45A /* test-1.app */ = {isa = PBXFileReference; explicitFileType = wrapper.application; includeInIndex = 0; path = "test-1.app"; sourceTree = BUILT_PRODUCTS_DIR; };
		1F75519B29A9AB9E00FBA45A /* AppDelegate.swift */ = {isa = PBXFileReference; lastKnownFileType = sourcecode.swift; path = AppDelegate.swift; sourceTree = "<group>"; };
		1F75519D29A9AB9E00FBA45A /* SceneDelegate.swift */ = {isa = PBXFileReference; lastKnownFileType = sourcecode.swift; path = SceneDelegate.swift; sourceTree = "<group>"; };
		1F75519F29A9AB9E00FBA45A /* ViewController.swift */ = {isa = PBXFileReference; lastKnownFileType = sourcecode.swift; path = ViewController.swift; sourceTree = "<group>"; };
		1F7551A229A9AB9E00FBA45A /* Base */ = {isa = PBXFileReference; lastKnownFileType = file.storyboard; name = Base; path = Base.lproj/Main.storyboard; sourceTree = "<group>"; };
		1F7551A529A9AB9E00FBA45A /* test_1.xcdatamodel */ = {isa = PBXFileReference; lastKnownFileType = wrapper.xcdatamodel; path = test_1.xcdatamodel; sourceTree = "<group>"; };
		1F7551A729A9ABA200FBA45A /* Assets.xcassets */ = {isa = PBXFileReference; lastKnownFileType = folder.assetcatalog; path = Assets.xcassets; sourceTree = "<group>"; };
		1F7551AA29A9ABA200FBA45A /* Base */ = {isa = PBXFileReference; lastKnownFileType = file.storyboard; name = Base; path = Base.lproj/LaunchScreen.storyboard; sourceTree = "<group>"; };
		1F7551AC29A9ABA200FBA45A /* Info.plist */ = {isa = PBXFileReference; lastKnownFileType = text.plist.xml; path = Info.plist; sourceTree = "<group>"; };
		1F7551B129A9ABA200FBA45A /* test-1Tests.xctest */ = {isa = PBXFileReference; explicitFileType = wrapper.cfbundle; includeInIndex = 0; path = "test-1Tests.xctest"; sourceTree = BUILT_PRODUCTS_DIR; };
		1F7551B529A9ABA200FBA45A /* test_1Tests.swift */ = {isa = PBXFileReference; lastKnownFileType = sourcecode.swift; path = test_1Tests.swift; sourceTree = "<group>"; };
		1F7551BB29A9ABA200FBA45A /* test-1UITests.xctest */ = {isa = PBXFileReference; explicitFileType = wrapper.cfbundle; includeInIndex = 0; path = "test-1UITests.xctest"; sourceTree = BUILT_PRODUCTS_DIR; };
		1F7551BF29A9ABA200FBA45A /* test_1UITests.swift */ = {isa = PBXFileReference; lastKnownFileType = sourcecode.swift; path = test_1UITests.swift; sourceTree = "<group>"; };
		1F7551C129A9ABA200FBA45A /* test_1UITestsLaunchTests.swift */ = {isa = PBXFileReference; lastKnownFileType = sourcecode.swift; path = test_1UITestsLaunchTests.swift; sourceTree = "<group>"; };
/* End PBXFileReference section */

/* Begin PBXFrameworksBuildPhase section */
		1F75519529A9AB9E00FBA45A /* Frameworks */ = {
			isa = PBXFrameworksBuildPhase;
			buildActionMask = 2147483647;
			files = (
			);
			runOnlyForDeploymentPostprocessing = 0;
		};
		1F7551AE29A9ABA200FBA45A /* Frameworks */ = {
			isa = PBXFrameworksBuildPhase;
			buildActionMask = 2147483647;
			files = (
			);
			runOnlyForDeploymentPostprocessing = 0;
		};
		1F7551B829A9ABA200FBA45A /* Frameworks */ = {
			isa = PBXFrameworksBuildPhase;
			buildActionMask = 2147483647;
			files = (
			);
			runOnlyForDeploymentPostprocessing = 0;
		};
/* End PBXFrameworksBuildPhase section */

/* Begin PBXGroup section */
		1F75518F29A9AB9E00FBA45A = {
			isa = PBXGroup;
			children = (
				1F75519A29A9AB9E00FBA45A /* test-1 */,
				1F7551B429A9ABA200FBA45A /* test-1Tests */,
				1F7551BE29A9ABA200FBA45A /* test-1UITests */,
				1F75519929A9AB9E00FBA45A /* Products */,
			);
			sourceTree = "<group>";
		};
		1F75519929A9AB9E00FBA45A /* Products */ = {
			isa = PBXGroup;
			children = (
				1F75519829A9AB9E00FBA45A /* test-1.app */,
				1F7551B129A9ABA200FBA45A /* test-1Tests.xctest */,
				1F7551BB29A9ABA200FBA45A /* test-1UITests.xctest */,
			);
			name = Products;
			sourceTree = "<group>";
		};
		1F75519A29A9AB9E00FBA45A /* test-1 */ = {
			isa = PBXGroup;
			children = (
				1F75519B29A9AB9E00FBA45A /* AppDelegate.swift */,
				1F75519D29A9AB9E00FBA45A /* SceneDelegate.swift */,
				1F75519F29A9AB9E00FBA45A /* ViewController.swift */,
				1F7551A129A9AB9E00FBA45A /* Main.storyboard */,
				1F7551A729A9ABA200FBA45A /* Assets.xcassets */,
				1F7551A929A9ABA200FBA45A /* LaunchScreen.storyboard */,
				1F7551AC29A9ABA200FBA45A /* Info.plist */,
				1F7551A429A9AB9E00FBA45A /* test_1.xcdatamodeld */,
			);
			path = "test-1";
			sourceTree = "<group>";
		};
		1F7551B429A9ABA200FBA45A /* test-1Tests */ = {
			isa = PBXGroup;
			children = (
				1F7551B529A9ABA200FBA45A /* test_1Tests.swift */,
			);
			path = "test-1Tests";
			sourceTree = "<group>";
		};
		1F7551BE29A9ABA200FBA45A /* test-1UITests */ = {
			isa = PBXGroup;
			children = (
				1F7551BF29A9ABA200FBA45A /* test_1UITests.swift */,
				1F7551C129A9ABA200FBA45A /* test_1UITestsLaunchTests.swift */,
			);
			path = "test-1UITests";
			sourceTree = "<group>";
		};
/* End PBXGroup section */

/* Begin PBXNativeTarget section */
		1F75519729A9AB9E00FBA45A /* test-1 */ = {
			isa = PBXNativeTarget;
			buildConfigurationList = 1F7551C529A9ABA200FBA45A /* Build configuration list for PBXNativeTarget "test-1" */;
			buildPhases = (
				1F75519429A9AB9E00FBA45A /* Sources */,
				1F75519529A9AB9E00FBA45A /* Frameworks */,
				1F75519629A9AB9E00FBA45A /* Resources */,
			);
			buildRules = (
			);
			dependencies = (
			);
			name = "test-1";
			productName = "test-1";
			productReference = 1F75519829A9AB9E00FBA45A /* test-1.app */;
			productType = "com.apple.product-type.application";
		};
		1F7551B029A9ABA200FBA45A /* test-1Tests */ = {
			isa = PBXNativeTarget;
			buildConfigurationList = 1F7551C829A9ABA200FBA45A /* Build configuration list for PBXNativeTarget "test-1Tests" */;
			buildPhases = (
				1F7551AD29A9ABA200FBA45A /* Sources */,
				1F7551AE29A9ABA200FBA45A /* Frameworks */,
				1F7551AF29A9ABA200FBA45A /* Resources */,
			);
			buildRules = (
			);
			dependencies = (
				1F7551B329A9ABA200FBA45A /* PBXTargetDependency */,
			);
			name = "test-1Tests";
			productName = "test-1Tests";
			productReference = 1F7551B129A9ABA200FBA45A /* test-1Tests.xctest */;
			productType = "com.apple.product-type.bundle.unit-test";
		};
		1F7551BA29A9ABA200FBA45A /* test-1UITests */ = {
			isa = PBXNativeTarget;
			buildConfigurationList = 1F7551CB29A9ABA200FBA45A /* Build configuration list for PBXNativeTarget "test-1UITests" */;
			buildPhases = (
				1F7551B729A9ABA200FBA45A /* Sources */,
				1F7551B829A9ABA200FBA45A /* Frameworks */,
				1F7551B929A9ABA200FBA45A /* Resources */,
			);
			buildRules = (
			);
			dependencies = (
				1F7551BD29A9ABA200FBA45A /* PBXTargetDependency */,
			);
			name = "test-1UITests";
			productName = "test-1UITests";
			productReference = 1F7551BB29A9ABA200FBA45A /* test-1UITests.xctest */;
			productType = "com.apple.product-type.bundle.ui-testing";
		};
/* End PBXNativeTarget section */

/* Begin PBXProject section */
		1F75519029A9AB9E00FBA45A /* Project object */ = {
			isa = PBXProject;
			attributes = {
				BuildIndependentTargetsInParallel = 1;
				LastSwiftUpdateCheck = 1320;
				LastUpgradeCheck = 1320;
				TargetAttributes = {
					1F75519729A9AB9E00FBA45A = {
						CreatedOnToolsVersion = 13.2;
					};
					1F7551B029A9ABA200FBA45A = {
						CreatedOnToolsVersion = 13.2;
						TestTargetID = 1F75519729A9AB9E00FBA45A;
					};
					1F7551BA29A9ABA200FBA45A = {
						CreatedOnToolsVersion = 13.2;
						TestTargetID = 1F75519729A9AB9E00FBA45A;
					};
				};
			};
			buildConfigurationList = 1F75519329A9AB9E00FBA45A /* Build configuration list for PBXProject "test-1" */;
			compatibilityVersion = "Xcode 13.0";
			developmentRegion = en;
			hasScannedForEncodings = 0;
			knownRegions = (
				en,
				Base,
			);
			mainGroup = 1F75518F29A9AB9E00FBA45A;
			productRefGroup = 1F75519929A9AB9E00FBA45A /* Products */;
			projectDirPath = "";
			projectRoot = "";
			targets = (
				1F75519729A9AB9E00FBA45A /* test-1 */,
				1F7551B029A9ABA200FBA45A /* test-1Tests */,
				1F7551BA29A9ABA200FBA45A /* test-1UITests */,
			);
		};
/* End PBXProject section */

/* Begin PBXResourcesBuildPhase section */
		1F75519629A9AB9E00FBA45A /* Resources */ = {
			isa = PBXResourcesBuildPhase;
			buildActionMask = 2147483647;
			files = (
				1F7551AB29A9ABA200FBA45A /* LaunchScreen.storyboard in Resources */,
				1F7551A829A9ABA200FBA45A /* Assets.xcassets in Resources */,
				1F7551A329A9AB9E00FBA45A /* Main.storyboard in Resources */,
			);
			runOnlyForDeploymentPostprocessing = 0;
		};
		1F7551AF29A9ABA200FBA45A /* Resources */ = {
			isa = PBXResourcesBuildPhase;
			buildActionMask = 2147483647;
			files = (
			);
			runOnlyForDeploymentPostprocessing = 0;
		};
		1F7551B929A9ABA200FBA45A /* Resources */ = {
			isa = PBXResourcesBuildPhase;
			buildActionMask = 2147483647;
			files = (
			);
			runOnlyForDeploymentPostprocessing = 0;
		};
/* End PBXResourcesBuildPhase section */

/* Begin PBXSourcesBuildPhase section */
		1F75519429A9AB9E00FBA45A /* Sources */ = {
			isa = PBXSourcesBuildPhase;
			buildActionMask = 2147483647;
			files = (
				1F7551A029A9AB9E00FBA45A /* ViewController.swift in Sources */,
				1F75519C29A9AB9E00FBA45A /* AppDelegate.swift in Sources */,
				1F75519E29A9AB9E00FBA45A /* SceneDelegate.swift in Sources */,
				1F7551A629A9AB9E00FBA45A /* test_1.xcdatamodeld in Sources */,
			);
			runOnlyForDeploymentPostprocessing = 0;
		};
		1F7551AD29A9ABA200FBA45A /* Sources */ = {
			isa = PBXSourcesBuildPhase;
			buildActionMask = 2147483647;
			files = (
				1F7551B629A9ABA200FBA45A /* test_1Tests.swift in Sources */,
			);
			runOnlyForDeploymentPostprocessing = 0;
		};
		1F7551B729A9ABA200FBA45A /* Sources */ = {
			isa = PBXSourcesBuildPhase;
			buildActionMask = 2147483647;
			files = (
				1F7551C229A9ABA200FBA45A /* test_1UITestsLaunchTests.swift in Sources */,
				1F7551C029A9ABA200FBA45A /* test_1UITests.swift in Sources */,
			);
			runOnlyForDeploymentPostprocessing = 0;
		};
/* End PBXSourcesBuildPhase section */

/* Begin PBXTargetDependency section */
		1F7551B329A9ABA200FBA45A /* PBXTargetDependency */ = {
			isa = PBXTargetDependency;
			target = 1F75519729A9AB9E00FBA45A /* test-1 */;
			targetProxy = 1F7551B229A9ABA200FBA45A /* PBXContainerItemProxy */;
		};
		1F7551BD29A9ABA200FBA45A /* PBXTargetDependency */ = {
			isa = PBXTargetDependency;
			target = 1F75519729A9AB9E00FBA45A /* test-1 */;
			targetProxy = 1F7551BC29A9ABA200FBA45A /* PBXContainerItemProxy */;
		};
/* End PBXTargetDependency section */

/* Begin PBXVariantGroup section */
		1F7551A129A9AB9E00FBA45A /* Main.storyboard */ = {
			isa = PBXVariantGroup;
			children = (
				1F7551A229A9AB9E00FBA45A /* Base */,
			);
			name = Main.storyboard;
			sourceTree = "<group>";
		};
		1F7551A929A9ABA200FBA45A /* LaunchScreen.storyboard */ = {
			isa = PBXVariantGroup;
			children = (
				1F7551AA29A9ABA200FBA45A /* Base */,
			);
			name = LaunchScreen.storyboard;
			sourceTree = "<group>";
		};
/* End PBXVariantGroup section */

/* Begin XCBuildConfiguration section */
		1F7551C329A9ABA200FBA45A /* Debug */ = {
			isa = XCBuildConfiguration;
			buildSettings = {
				ALWAYS_SEARCH_USER_PATHS = NO;
				CLANG_ANALYZER_NONNULL = YES;
				CLANG_ANALYZER_NUMBER_OBJECT_CONVERSION = YES_AGGRESSIVE;
				CLANG_CXX_LANGUAGE_STANDARD = "gnu++17";
				CLANG_CXX_LIBRARY = "libc++";
				CLANG_ENABLE_MODULES = YES;
				CLANG_ENABLE_OBJC_ARC = YES;
				CLANG_ENABLE_OBJC_WEAK = YES;
				CLANG_WARN_BLOCK_CAPTURE_AUTORELEASING = YES;
				CLANG_WARN_BOOL_CONVERSION = YES;
				CLANG_WARN_COMMA = YES;
				CLANG_WARN_CONSTANT_CONVERSION = YES;
				CLANG_WARN_DEPRECATED_OBJC_IMPLEMENTATIONS = YES;
				CLANG_WARN_DIRECT_OBJC_ISA_USAGE = YES_ERROR;
				CLANG_WARN_DOCUMENTATION_COMMENTS = YES;
				CLANG_WARN_EMPTY_BODY = YES;
				CLANG_WARN_ENUM_CONVERSION = YES;
				CLANG_WARN_INFINITE_RECURSION = YES;
				CLANG_WARN_INT_CONVERSION = YES;
				CLANG_WARN_NON_LITERAL_NULL_CONVERSION = YES;
				CLANG_WARN_OBJC_IMPLICIT_RETAIN_SELF = YES;
				CLANG_WARN_OBJC_LITERAL_CONVERSION = YES;
				CLANG_WARN_OBJC_ROOT_CLASS = YES_ERROR;
				CLANG_WARN_QUOTED_INCLUDE_IN_FRAMEWORK_HEADER = YES;
				CLANG_WARN_RANGE_LOOP_ANALYSIS = YES;
				CLANG_WARN_STRICT_PROTOTYPES = YES;
				CLANG_WARN_SUSPICIOUS_MOVE = YES;
				CLANG_WARN_UNGUARDED_AVAILABILITY = YES_AGGRESSIVE;
				CLANG_WARN_UNREACHABLE_CODE = YES;
				CLANG_WARN__DUPLICATE_METHOD_MATCH = YES;
				COPY_PHASE_STRIP = NO;
				DEBUG_INFORMATION_FORMAT = dwarf;
				ENABLE_STRICT_OBJC_MSGSEND = YES;
				ENABLE_TESTABILITY = YES;
				GCC_C_LANGUAGE_STANDARD = gnu11;
				GCC_DYNAMIC_NO_PIC = NO;
				GCC_NO_COMMON_BLOCKS = YES;
				GCC_OPTIMIZATION_LEVEL = 0;
				GCC_PREPROCESSOR_DEFINITIONS = (
					"DEBUG=1",
					"$(inherited)",
				);
				GCC_WARN_64_TO_32_BIT_CONVERSION = YES;
				GCC_WARN_ABOUT_RETURN_TYPE = YES_ERROR;
				GCC_WARN_UNDECLARED_SELECTOR = YES;
				GCC_WARN_UNINITIALIZED_AUTOS = YES_AGGRESSIVE;
				GCC_WARN_UNUSED_FUNCTION = YES;
				GCC_WARN_UNUSED_VARIABLE = YES;
				IPHONEOS_DEPLOYMENT_TARGET = 15.2;
				MTL_ENABLE_DEBUG_INFO = INCLUDE_SOURCE;
				MTL_FAST_MATH = YES;
				ONLY_ACTIVE_ARCH = YES;
				SDKROOT = iphoneos;
				SWIFT_ACTIVE_COMPILATION_CONDITIONS = DEBUG;
				SWIFT_OPTIMIZATION_LEVEL = "-Onone";
			};
			name = Debug;
		};
		1F7551C429A9ABA200FBA45A /* Release */ = {
			isa = XCBuildConfiguration;
			buildSettings = {
				ALWAYS_SEARCH_USER_PATHS = NO;
				CLANG_ANALYZER_NONNULL = YES;
				CLANG_ANALYZER_NUMBER_OBJECT_CONVERSION = YES_AGGRESSIVE;
				CLANG_CXX_LANGUAGE_STANDARD = "gnu++17";
				CLANG_CXX_LIBRARY = "libc++";
				CLANG_ENABLE_MODULES = YES;
				CLANG_ENABLE_OBJC_ARC = YES;
				CLANG_ENABLE_OBJC_WEAK = YES;
				CLANG_WARN_BLOCK_CAPTURE_AUTORELEASING = YES;
				CLANG_WARN_BOOL_CONVERSION = YES;
				CLANG_WARN_COMMA = YES;
				CLANG_WARN_CONSTANT_CONVERSION = YES;
				CLANG_WARN_DEPRECATED_OBJC_IMPLEMENTATIONS = YES;
				CLANG_WARN_DIRECT_OBJC_ISA_USAGE = YES_ERROR;
				CLANG_WARN_DOCUMENTATION_COMMENTS = YES;
				CLANG_WARN_EMPTY_BODY = YES;
				CLANG_WARN_ENUM_CONVERSION = YES;
				CLANG_WARN_INFINITE_RECURSION = YES;
				CLANG_WARN_INT_CONVERSION = YES;
				CLANG_WARN_NON_LITERAL_NULL_CONVERSION = YES;
				CLANG_WARN_OBJC_IMPLICIT_RETAIN_SELF = YES;
				CLANG_WARN_OBJC_LITERAL_CONVERSION = YES;
				CLANG_WARN_OBJC_ROOT_CLASS = YES_ERROR;
				CLANG_WARN_QUOTED_INCLUDE_IN_FRAMEWORK_HEADER = YES;
				CLANG_WARN_RANGE_LOOP_ANALYSIS = YES;
				CLANG_WARN_STRICT_PROTOTYPES = YES;
				CLANG_WARN_SUSPICIOUS_MOVE = YES;
				CLANG_WARN_UNGUARDED_AVAILABILITY = YES_AGGRESSIVE;
				CLANG_WARN_UNREACHABLE_CODE = YES;
				CLANG_WARN__DUPLICATE_METHOD_MATCH = YES;
				COPY_PHASE_STRIP = NO;
				DEBUG_INFORMATION_FORMAT = "dwarf-with-dsym";
				ENABLE_NS_ASSERTIONS = NO;
				ENABLE_STRICT_OBJC_MSGSEND = YES;
				GCC_C_LANGUAGE_STANDARD = gnu11;
				GCC_NO_COMMON_BLOCKS = YES;
				GCC_WARN_64_TO_32_BIT_CONVERSION = YES;
				GCC_WARN_ABOUT_RETURN_TYPE = YES_ERROR;
				GCC_WARN_UNDECLARED_SELECTOR = YES;
				GCC_WARN_UNINITIALIZED_AUTOS = YES_AGGRESSIVE;
				GCC_WARN_UNUSED_FUNCTION = YES;
				GCC_WARN_UNUSED_VARIABLE = YES;
				IPHONEOS_DEPLOYMENT_TARGET = 15.2;
				MTL_ENABLE_DEBUG_INFO = NO;
				MTL_FAST_MATH = YES;
				SDKROOT = iphoneos;
				SWIFT_COMPILATION_MODE = wholemodule;
				SWIFT_OPTIMIZATION_LEVEL = "-O";
				VALIDATE_PRODUCT = YES;
			};
			name = Release;
		};
		1F7551C629A9ABA200FBA45A /* Debug */ = {
			isa = XCBuildConfiguration;
			buildSettings = {
				ASSETCATALOG_COMPILER_APPICON_NAME = AppIcon;
				ASSETCATALOG_COMPILER_GLOBAL_ACCENT_COLOR_NAME = AccentColor;
				CODE_SIGN_STYLE = Automatic;
				CURRENT_PROJECT_VERSION = 1;
				DEVELOPMENT_TEAM = KKWY9386MW;
				GENERATE_INFOPLIST_FILE = YES;
				INFOPLIST_FILE = "test-1/Info.plist";
				INFOPLIST_KEY_UIApplicationSupportsIndirectInputEvents = YES;
				INFOPLIST_KEY_UILaunchStoryboardName = LaunchScreen;
				INFOPLIST_KEY_UIMainStoryboardFile = Main;
				INFOPLIST_KEY_UISupportedInterfaceOrientations_iPad = "UIInterfaceOrientationPortrait UIInterfaceOrientationPortraitUpsideDown UIInterfaceOrientationLandscapeLeft UIInterfaceOrientationLandscapeRight";
				INFOPLIST_KEY_UISupportedInterfaceOrientations_iPhone = "UIInterfaceOrientationPortrait UIInterfaceOrientationLandscapeLeft UIInterfaceOrientationLandscapeRight";
				LD_RUNPATH_SEARCH_PATHS = (
					"$(inherited)",
					"@executable_path/Frameworks",
				);
				MARKETING_VERSION = 1.0;
				PRODUCT_BUNDLE_IDENTIFIER = "meganrmulrooney.test-1";
				PRODUCT_NAME = "$(TARGET_NAME)";
				SWIFT_EMIT_LOC_STRINGS = YES;
				SWIFT_VERSION = 5.0;
				TARGETED_DEVICE_FAMILY = "1,2";
			};
			name = Debug;
		};
		1F7551C729A9ABA200FBA45A /* Release */ = {
			isa = XCBuildConfiguration;
			buildSettings = {
				ASSETCATALOG_COMPILER_APPICON_NAME = AppIcon;
				ASSETCATALOG_COMPILER_GLOBAL_ACCENT_COLOR_NAME = AccentColor;
				CODE_SIGN_STYLE = Automatic;
				CURRENT_PROJECT_VERSION = 1;
				DEVELOPMENT_TEAM = KKWY9386MW;
				GENERATE_INFOPLIST_FILE = YES;
				INFOPLIST_FILE = "test-1/Info.plist";
				INFOPLIST_KEY_UIApplicationSupportsIndirectInputEvents = YES;
				INFOPLIST_KEY_UILaunchStoryboardName = LaunchScreen;
				INFOPLIST_KEY_UIMainStoryboardFile = Main;
				INFOPLIST_KEY_UISupportedInterfaceOrientations_iPad = "UIInterfaceOrientationPortrait UIInterfaceOrientationPortraitUpsideDown UIInterfaceOrientationLandscapeLeft UIInterfaceOrientationLandscapeRight";
				INFOPLIST_KEY_UISupportedInterfaceOrientations_iPhone = "UIInterfaceOrientationPortrait UIInterfaceOrientationLandscapeLeft UIInterfaceOrientationLandscapeRight";
				LD_RUNPATH_SEARCH_PATHS = (
					"$(inherited)",
					"@executable_path/Frameworks",
				);
				MARKETING_VERSION = 1.0;
				PRODUCT_BUNDLE_IDENTIFIER = "meganrmulrooney.test-1";
				PRODUCT_NAME = "$(TARGET_NAME)";
				SWIFT_EMIT_LOC_STRINGS = YES;
				SWIFT_VERSION = 5.0;
				TARGETED_DEVICE_FAMILY = "1,2";
			};
			name = Release;
		};
		1F7551C929A9ABA200FBA45A /* Debug */ = {
			isa = XCBuildConfiguration;
			buildSettings = {
				ALWAYS_EMBED_SWIFT_STANDARD_LIBRARIES = YES;
				BUNDLE_LOADER = "$(TEST_HOST)";
				CODE_SIGN_STYLE = Automatic;
				CURRENT_PROJECT_VERSION = 1;
				DEVELOPMENT_TEAM = KKWY9386MW;
				GENERATE_INFOPLIST_FILE = YES;
				IPHONEOS_DEPLOYMENT_TARGET = 15.2;
				MARKETING_VERSION = 1.0;
				PRODUCT_BUNDLE_IDENTIFIER = "meganrmulrooney.test-1Tests";
				PRODUCT_NAME = "$(TARGET_NAME)";
				SWIFT_EMIT_LOC_STRINGS = NO;
				SWIFT_VERSION = 5.0;
				TARGETED_DEVICE_FAMILY = "1,2";
				TEST_HOST = "$(BUILT_PRODUCTS_DIR)/test-1.app/test-1";
			};
			name = Debug;
		};
		1F7551CA29A9ABA200FBA45A /* Release */ = {
			isa = XCBuildConfiguration;
			buildSettings = {
				ALWAYS_EMBED_SWIFT_STANDARD_LIBRARIES = YES;
				BUNDLE_LOADER = "$(TEST_HOST)";
				CODE_SIGN_STYLE = Automatic;
				CURRENT_PROJECT_VERSION = 1;
				DEVELOPMENT_TEAM = KKWY9386MW;
				GENERATE_INFOPLIST_FILE = YES;
				IPHONEOS_DEPLOYMENT_TARGET = 15.2;
				MARKETING_VERSION = 1.0;
				PRODUCT_BUNDLE_IDENTIFIER = "meganrmulrooney.test-1Tests";
				PRODUCT_NAME = "$(TARGET_NAME)";
				SWIFT_EMIT_LOC_STRINGS = NO;
				SWIFT_VERSION = 5.0;
				TARGETED_DEVICE_FAMILY = "1,2";
				TEST_HOST = "$(BUILT_PRODUCTS_DIR)/test-1.app/test-1";
			};
			name = Release;
		};
		1F7551CC29A9ABA200FBA45A /* Debug */ = {
			isa = XCBuildConfiguration;
			buildSettings = {
				ALWAYS_EMBED_SWIFT_STANDARD_LIBRARIES = YES;
				CODE_SIGN_STYLE = Automatic;
				CURRENT_PROJECT_VERSION = 1;
				DEVELOPMENT_TEAM = KKWY9386MW;
				GENERATE_INFOPLIST_FILE = YES;
				MARKETING_VERSION = 1.0;
				PRODUCT_BUNDLE_IDENTIFIER = "meganrmulrooney.test-1UITests";
				PRODUCT_NAME = "$(TARGET_NAME)";
				SWIFT_EMIT_LOC_STRINGS = NO;
				SWIFT_VERSION = 5.0;
				TARGETED_DEVICE_FAMILY = "1,2";
				TEST_TARGET_NAME = "test-1";
			};
			name = Debug;
		};
		1F7551CD29A9ABA200FBA45A /* Release */ = {
			isa = XCBuildConfiguration;
			buildSettings = {
				ALWAYS_EMBED_SWIFT_STANDARD_LIBRARIES = YES;
				CODE_SIGN_STYLE = Automatic;
				CURRENT_PROJECT_VERSION = 1;
				DEVELOPMENT_TEAM = KKWY9386MW;
				GENERATE_INFOPLIST_FILE = YES;
				MARKETING_VERSION = 1.0;
				PRODUCT_BUNDLE_IDENTIFIER = "meganrmulrooney.test-1UITests";
				PRODUCT_NAME = "$(TARGET_NAME)";
				SWIFT_EMIT_LOC_STRINGS = NO;
				SWIFT_VERSION = 5.0;
				TARGETED_DEVICE_FAMILY = "1,2";
				TEST_TARGET_NAME = "test-1";
			};
			name = Release;
		};
/* End XCBuildConfiguration section */

/* Begin XCConfigurationList section */
		1F75519329A9AB9E00FBA45A /* Build configuration list for PBXProject "test-1" */ = {
			isa = XCConfigurationList;
			buildConfigurations = (
				1F7551C329A9ABA200FBA45A /* Debug */,
				1F7551C429A9ABA200FBA45A /* Release */,
			);
			defaultConfigurationIsVisible = 0;
			defaultConfigurationName = Release;
		};
		1F7551C529A9ABA200FBA45A /* Build configuration list for PBXNativeTarget "test-1" */ = {
			isa = XCConfigurationList;
			buildConfigurations = (
				1F7551C629A9ABA200FBA45A /* Debug */,
				1F7551C729A9ABA200FBA45A /* Release */,
			);
			defaultConfigurationIsVisible = 0;
			defaultConfigurationName = Release;
		};
		1F7551C829A9ABA200FBA45A /* Build configuration list for PBXNativeTarget "test-1Tests" */ = {
			isa = XCConfigurationList;
			buildConfigurations = (
				1F7551C929A9ABA200FBA45A /* Debug */,
				1F7551CA29A9ABA200FBA45A /* Release */,
			);
			defaultConfigurationIsVisible = 0;
			defaultConfigurationName = Release;
		};
		1F7551CB29A9ABA200FBA45A /* Build configuration list for PBXNativeTarget "test-1UITests" */ = {
			isa = XCConfigurationList;
			buildConfigurations = (
				1F7551CC29A9ABA200FBA45A /* Debug */,
				1F7551CD29A9ABA200FBA45A /* Release */,
			);
			defaultConfigurationIsVisible = 0;
			defaultConfigurationName = Release;
		};
/* End XCConfigurationList section */

/* Begin XCVersionGroup section */
		1F7551A429A9AB9E00FBA45A /* test_1.xcdatamodeld */ = {
			isa = XCVersionGroup;
			children = (
				1F7551A529A9AB9E00FBA45A /* test_1.xcdatamodel */,
			);
			currentVersion = 1F7551A529A9AB9E00FBA45A /* test_1.xcdatamodel */;
			path = test_1.xcdatamodeld;
			sourceTree = "<group>";
			versionGroupType = wrapper.xcdatamodel;
		};
/* End XCVersionGroup section */
	};
	rootObject = 1F75519029A9AB9E00FBA45A /* Project object */;
}
